
Microsoft Visual Studio Solution File, Format Version 12.00
# Visual Studio Version 17
VisualStudioVersion = 17.5.33530.505
MinimumVisualStudioVersion = 10.0.40219.1
Project("{9A19103F-16F7-4668-BE54-9A1E7A4F7556}") = "Sqlist.NET", "src\Sqlist.NET\Sqlist.NET.csproj", "{465450FC-B616-4057-87A0-B6BB7EE15814}"
EndProject
Project("{9A19103F-16F7-4668-BE54-9A1E7A4F7556}") = "Sqlist.NET.Migration", "src\Sqlist.NET.Migration\Sqlist.NET.Migration.csproj", "{CC21A243-4493-41BA-9C99-17FCE3B17828}"
EndProject
Project("{9A19103F-16F7-4668-BE54-9A1E7A4F7556}") = "Sqlist.NET.Migration.Tests", "test\Sqlist.NET.Migration.Test\Sqlist.NET.Migration.Tests.csproj", "{5A2E5F56-7D2A-48DF-903D-8EF65C060A46}"
EndProject
Project("{9A19103F-16F7-4668-BE54-9A1E7A4F7556}") = "Sqlist.NET.PostgreSQL", "src\Sqlist.NET.PostgreSQL\Sqlist.NET.PostgreSQL.csproj", "{5453B256-24C0-410F-913E-79C7FC0EACC8}"
EndProject
Project("{9A19103F-16F7-4668-BE54-9A1E7A4F7556}") = "Sqlist.NET.Tools", "src\Sqlist.NET.Tools\Sqlist.NET.Tools.csproj", "{F0BD2737-7C3D-4EE9-BD09-0DA3F45F98D2}"
EndProject
Project("{2150E333-8FDC-42A3-9474-1A3956D46DE8}") = "src", "src", "{1F6BF5DE-ED17-4B9F-A3F5-9175C6A3CD99}"
EndProject
Project("{2150E333-8FDC-42A3-9474-1A3956D46DE8}") = "test", "test", "{48BD4DC6-DAE1-40F5-8458-4E9C95C4235B}"
EndProject
Project("{9A19103F-16F7-4668-BE54-9A1E7A4F7556}") = "Sqlist.NET.Tools.Tests", "test\Sqlist.NET.Tools.Test\Sqlist.NET.Tools.Tests.csproj", "{8AE53D5E-7E06-4AEC-976D-0B0B8C3BA13A}"
EndProject
Project("{9A19103F-16F7-4668-BE54-9A1E7A4F7556}") = "Sqlist.NET.Tools.Sandbox", "test\Sqlist.NET.Tools.Sandbox\Sqlist.NET.Tools.Sandbox.csproj", "{C247E5A2-80C1-43F4-ACFA-D1082AC307D6}"
EndProject
Project("{9A19103F-16F7-4668-BE54-9A1E7A4F7556}") = "Sqlist.NET.Abstraction", "src\Sqlist.NET.Abstraction\Sqlist.NET.Abstraction.csproj", "{8AF1C557-1611-4F8A-9491-58A95D4184B7}"
EndProject
Project("{9A19103F-16F7-4668-BE54-9A1E7A4F7556}") = "Sqlist.NET.Tests", "test\Sqlist.NET.Tests\Sqlist.NET.Tests.csproj", "{726688B3-E2A5-4240-B7BA-4EC97FDDF124}"
EndProject
Project("{9A19103F-16F7-4668-BE54-9A1E7A4F7556}") = "Sqlist.NET.PostgreSQL.Tests", "test\Sqlist.NET.PostgreSQL.Tests\Sqlist.NET.PostgreSQL.Tests.csproj", "{C9D34B45-E876-44A9-8DC8-9B34DE9209D5}"
EndProject
Project("{9A19103F-16F7-4668-BE54-9A1E7A4F7556}") = "Sqlist.NET.TestResources", "test\Sqlist.NET.TestResources\Sqlist.NET.TestResources.csproj", "{C349F626-8F4A-4045-96CA-B4547303A58B}"
EndProject
Project("{2150E333-8FDC-42A3-9474-1A3956D46DE8}") = "Solution Items", "Solution Items", "{AE26F437-C173-446D-9D49-6CD63F51963A}"
	ProjectSection(SolutionItems) = preProject
		.editorconfig = .editorconfig
		.gitignore = .gitignore
		LICENSE = LICENSE
		README.md = README.md
	EndProjectSection
EndProject
Project("{9A19103F-16F7-4668-BE54-9A1E7A4F7556}") = "dotnet-sqlist", "src\dotnet-sqlist\dotnet-sqlist.csproj", "{FDD6D17D-341C-4EE7-A5BF-3D79CB273D5B}"
EndProject
Global
	GlobalSection(SolutionConfigurationPlatforms) = preSolution
		Debug|Any CPU = Debug|Any CPU
		Release|Any CPU = Release|Any CPU
	EndGlobalSection
	GlobalSection(ProjectConfigurationPlatforms) = postSolution
		{465450FC-B616-4057-87A0-B6BB7EE15814}.Debug|Any CPU.ActiveCfg = Debug|Any CPU
		{465450FC-B616-4057-87A0-B6BB7EE15814}.Debug|Any CPU.Build.0 = Debug|Any CPU
		{465450FC-B616-4057-87A0-B6BB7EE15814}.Release|Any CPU.ActiveCfg = Release|Any CPU
		{465450FC-B616-4057-87A0-B6BB7EE15814}.Release|Any CPU.Build.0 = Release|Any CPU
		{CC21A243-4493-41BA-9C99-17FCE3B17828}.Debug|Any CPU.ActiveCfg = Debug|Any CPU
		{CC21A243-4493-41BA-9C99-17FCE3B17828}.Debug|Any CPU.Build.0 = Debug|Any CPU
		{CC21A243-4493-41BA-9C99-17FCE3B17828}.Release|Any CPU.ActiveCfg = Release|Any CPU
		{CC21A243-4493-41BA-9C99-17FCE3B17828}.Release|Any CPU.Build.0 = Release|Any CPU
		{5A2E5F56-7D2A-48DF-903D-8EF65C060A46}.Debug|Any CPU.ActiveCfg = Debug|Any CPU
		{5A2E5F56-7D2A-48DF-903D-8EF65C060A46}.Debug|Any CPU.Build.0 = Debug|Any CPU
		{5A2E5F56-7D2A-48DF-903D-8EF65C060A46}.Release|Any CPU.ActiveCfg = Release|Any CPU
		{5A2E5F56-7D2A-48DF-903D-8EF65C060A46}.Release|Any CPU.Build.0 = Release|Any CPU
		{5453B256-24C0-410F-913E-79C7FC0EACC8}.Debug|Any CPU.ActiveCfg = Debug|Any CPU
		{5453B256-24C0-410F-913E-79C7FC0EACC8}.Debug|Any CPU.Build.0 = Debug|Any CPU
		{5453B256-24C0-410F-913E-79C7FC0EACC8}.Release|Any CPU.ActiveCfg = Release|Any CPU
		{5453B256-24C0-410F-913E-79C7FC0EACC8}.Release|Any CPU.Build.0 = Release|Any CPU
		{F0BD2737-7C3D-4EE9-BD09-0DA3F45F98D2}.Debug|Any CPU.ActiveCfg = Debug|Any CPU
		{F0BD2737-7C3D-4EE9-BD09-0DA3F45F98D2}.Debug|Any CPU.Build.0 = Debug|Any CPU
		{F0BD2737-7C3D-4EE9-BD09-0DA3F45F98D2}.Release|Any CPU.ActiveCfg = Release|Any CPU
		{F0BD2737-7C3D-4EE9-BD09-0DA3F45F98D2}.Release|Any CPU.Build.0 = Release|Any CPU
		{8AE53D5E-7E06-4AEC-976D-0B0B8C3BA13A}.Debug|Any CPU.ActiveCfg = Debug|Any CPU
		{8AE53D5E-7E06-4AEC-976D-0B0B8C3BA13A}.Debug|Any CPU.Build.0 = Debug|Any CPU
		{8AE53D5E-7E06-4AEC-976D-0B0B8C3BA13A}.Release|Any CPU.ActiveCfg = Release|Any CPU
		{8AE53D5E-7E06-4AEC-976D-0B0B8C3BA13A}.Release|Any CPU.Build.0 = Release|Any CPU
		{C247E5A2-80C1-43F4-ACFA-D1082AC307D6}.Debug|Any CPU.ActiveCfg = Debug|Any CPU
		{C247E5A2-80C1-43F4-ACFA-D1082AC307D6}.Debug|Any CPU.Build.0 = Debug|Any CPU
		{C247E5A2-80C1-43F4-ACFA-D1082AC307D6}.Release|Any CPU.ActiveCfg = Release|Any CPU
		{C247E5A2-80C1-43F4-ACFA-D1082AC307D6}.Release|Any CPU.Build.0 = Release|Any CPU
		{8AF1C557-1611-4F8A-9491-58A95D4184B7}.Debug|Any CPU.ActiveCfg = Debug|Any CPU
		{8AF1C557-1611-4F8A-9491-58A95D4184B7}.Debug|Any CPU.Build.0 = Debug|Any CPU
		{8AF1C557-1611-4F8A-9491-58A95D4184B7}.Release|Any CPU.ActiveCfg = Release|Any CPU
		{8AF1C557-1611-4F8A-9491-58A95D4184B7}.Release|Any CPU.Build.0 = Release|Any CPU
		{726688B3-E2A5-4240-B7BA-4EC97FDDF124}.Debug|Any CPU.ActiveCfg = Debug|Any CPU
		{726688B3-E2A5-4240-B7BA-4EC97FDDF124}.Debug|Any CPU.Build.0 = Debug|Any CPU
		{726688B3-E2A5-4240-B7BA-4EC97FDDF124}.Release|Any CPU.ActiveCfg = Release|Any CPU
		{726688B3-E2A5-4240-B7BA-4EC97FDDF124}.Release|Any CPU.Build.0 = Release|Any CPU
		{C9D34B45-E876-44A9-8DC8-9B34DE9209D5}.Debug|Any CPU.ActiveCfg = Debug|Any CPU
		{C9D34B45-E876-44A9-8DC8-9B34DE9209D5}.Debug|Any CPU.Build.0 = Debug|Any CPU
		{C9D34B45-E876-44A9-8DC8-9B34DE9209D5}.Release|Any CPU.ActiveCfg = Release|Any CPU
		{C9D34B45-E876-44A9-8DC8-9B34DE9209D5}.Release|Any CPU.Build.0 = Release|Any CPU
		{C349F626-8F4A-4045-96CA-B4547303A58B}.Debug|Any CPU.ActiveCfg = Debug|Any CPU
		{C349F626-8F4A-4045-96CA-B4547303A58B}.Debug|Any CPU.Build.0 = Debug|Any CPU
		{C349F626-8F4A-4045-96CA-B4547303A58B}.Release|Any CPU.ActiveCfg = Release|Any CPU
		{C349F626-8F4A-4045-96CA-B4547303A58B}.Release|Any CPU.Build.0 = Release|Any CPU
		{FDD6D17D-341C-4EE7-A5BF-3D79CB273D5B}.Debug|Any CPU.ActiveCfg = Debug|Any CPU
		{FDD6D17D-341C-4EE7-A5BF-3D79CB273D5B}.Debug|Any CPU.Build.0 = Debug|Any CPU
		{FDD6D17D-341C-4EE7-A5BF-3D79CB273D5B}.Release|Any CPU.ActiveCfg = Release|Any CPU
		{FDD6D17D-341C-4EE7-A5BF-3D79CB273D5B}.Release|Any CPU.Build.0 = Release|Any CPU
	EndGlobalSection
	GlobalSection(SolutionProperties) = preSolution
		HideSolutionNode = FALSE
	EndGlobalSection
	GlobalSection(NestedProjects) = preSolution
		{465450FC-B616-4057-87A0-B6BB7EE15814} = {1F6BF5DE-ED17-4B9F-A3F5-9175C6A3CD99}
		{CC21A243-4493-41BA-9C99-17FCE3B17828} = {1F6BF5DE-ED17-4B9F-A3F5-9175C6A3CD99}
		{5A2E5F56-7D2A-48DF-903D-8EF65C060A46} = {48BD4DC6-DAE1-40F5-8458-4E9C95C4235B}
		{5453B256-24C0-410F-913E-79C7FC0EACC8} = {1F6BF5DE-ED17-4B9F-A3F5-9175C6A3CD99}
		{F0BD2737-7C3D-4EE9-BD09-0DA3F45F98D2} = {1F6BF5DE-ED17-4B9F-A3F5-9175C6A3CD99}
		{8AE53D5E-7E06-4AEC-976D-0B0B8C3BA13A} = {48BD4DC6-DAE1-40F5-8458-4E9C95C4235B}
		{C247E5A2-80C1-43F4-ACFA-D1082AC307D6} = {48BD4DC6-DAE1-40F5-8458-4E9C95C4235B}
		{8AF1C557-1611-4F8A-9491-58A95D4184B7} = {1F6BF5DE-ED17-4B9F-A3F5-9175C6A3CD99}
		{726688B3-E2A5-4240-B7BA-4EC97FDDF124} = {48BD4DC6-DAE1-40F5-8458-4E9C95C4235B}
		{C9D34B45-E876-44A9-8DC8-9B34DE9209D5} = {48BD4DC6-DAE1-40F5-8458-4E9C95C4235B}
		{C349F626-8F4A-4045-96CA-B4547303A58B} = {48BD4DC6-DAE1-40F5-8458-4E9C95C4235B}
		{FDD6D17D-341C-4EE7-A5BF-3D79CB273D5B} = {1F6BF5DE-ED17-4B9F-A3F5-9175C6A3CD99}
	EndGlobalSection
	GlobalSection(ExtensibilityGlobals) = postSolution
		SolutionGuid = {FB33ADC0-801E-4A58-9D91-0EDCE9392553}
	EndGlobalSection
EndGlobal
